
Microsoft Visual Studio Solution File, Format Version 12.00
# Visual Studio Version 16
VisualStudioVersion = 16.0.30717.126
MinimumVisualStudioVersion = 10.0.40219.1
Project("{8BC9CEB8-8B4A-11D0-8D11-00A0C91BC942}") = "Tema6.09", "Tema6.09\Tema6.09.vcxproj", "{7CB909FE-0B7B-40AD-9003-55DB5A3FB645}"
EndProject
Global
	GlobalSection(SolutionConfigurationPlatforms) = preSolution
		Debug|x64 = Debug|x64
		Debug|x86 = Debug|x86
		Release|x64 = Release|x64
		Release|x86 = Release|x86
	EndGlobalSection
	GlobalSection(ProjectConfigurationPlatforms) = postSolution
		{7CB909FE-0B7B-40AD-9003-55DB5A3FB645}.Debug|x64.ActiveCfg = Debug|x64
		{7CB909FE-0B7B-40AD-9003-55DB5A3FB645}.Debug|x64.Build.0 = Debug|x64
		{7CB909FE-0B7B-40AD-9003-55DB5A3FB645}.Debug|x86.ActiveCfg = Debug|Win32
		{7CB909FE-0B7B-40AD-9003-55DB5A3FB645}.Debug|x86.Build.0 = Debug|Win32
		{7CB909FE-0B7B-40AD-9003-55DB5A3FB645}.Release|x64.ActiveCfg = Release|x64
		{7CB909FE-0B7B-40AD-9003-55DB5A3FB645}.Release|x64.Build.0 = Release|x64
		{7CB909FE-0B7B-40AD-9003-55DB5A3FB645}.Release|x86.ActiveCfg = Release|Win32
		{7CB909FE-0B7B-40AD-9003-55DB5A3FB645}.Release|x86.Build.0 = Release|Win32
	EndGlobalSection
	GlobalSection(SolutionProperties) = preSolution
		HideSolutionNode = FALSE
	EndGlobalSection
	GlobalSection(ExtensibilityGlobals) = postSolution
		SolutionGuid = {2C5576CC-AE8E-4C87-BDA8-D99BB1EBA878}
	EndGlobalSection
EndGlobal
