
Microsoft Visual Studio Solution File, Format Version 12.00
# Visual Studio Version 16
VisualStudioVersion = 16.0.30717.126
MinimumVisualStudioVersion = 10.0.40219.1
Project("{8BC9CEB8-8B4A-11D0-8D11-00A0C91BC942}") = "Tema8.03", "Tema8.03\Tema8.03.vcxproj", "{FC8B3318-E81B-435C-A084-F295556D27FA}"
EndProject
Global
	GlobalSection(SolutionConfigurationPlatforms) = preSolution
		Debug|x64 = Debug|x64
		Debug|x86 = Debug|x86
		Release|x64 = Release|x64
		Release|x86 = Release|x86
	EndGlobalSection
	GlobalSection(ProjectConfigurationPlatforms) = postSolution
		{FC8B3318-E81B-435C-A084-F295556D27FA}.Debug|x64.ActiveCfg = Debug|x64
		{FC8B3318-E81B-435C-A084-F295556D27FA}.Debug|x64.Build.0 = Debug|x64
		{FC8B3318-E81B-435C-A084-F295556D27FA}.Debug|x86.ActiveCfg = Debug|Win32
		{FC8B3318-E81B-435C-A084-F295556D27FA}.Debug|x86.Build.0 = Debug|Win32
		{FC8B3318-E81B-435C-A084-F295556D27FA}.Release|x64.ActiveCfg = Release|x64
		{FC8B3318-E81B-435C-A084-F295556D27FA}.Release|x64.Build.0 = Release|x64
		{FC8B3318-E81B-435C-A084-F295556D27FA}.Release|x86.ActiveCfg = Release|Win32
		{FC8B3318-E81B-435C-A084-F295556D27FA}.Release|x86.Build.0 = Release|Win32
	EndGlobalSection
	GlobalSection(SolutionProperties) = preSolution
		HideSolutionNode = FALSE
	EndGlobalSection
	GlobalSection(ExtensibilityGlobals) = postSolution
		SolutionGuid = {2F2B3F94-0922-4C1F-A577-C65CD443169A}
	EndGlobalSection
EndGlobal
