
Microsoft Visual Studio Solution File, Format Version 12.00
# Visual Studio Version 16
VisualStudioVersion = 16.0.30717.126
MinimumVisualStudioVersion = 10.0.40219.1
Project("{8BC9CEB8-8B4A-11D0-8D11-00A0C91BC942}") = "Tema1.2", "Tema1.2\Tema1.2.vcxproj", "{FC48B0F9-75D0-4B1A-8F83-22A183AE2F1E}"
EndProject
Project("{8BC9CEB8-8B4A-11D0-8D11-00A0C91BC942}") = "Tema1.1", "Tema1.1\T 1-1.vcxproj", "{9682DE3E-4630-4D8C-932C-A33F20D511EA}"
EndProject
Project("{8BC9CEB8-8B4A-11D0-8D11-00A0C91BC942}") = "Tema1.3", "Tema1.3\Tema1.3.vcxproj", "{2A8AFF3F-D023-49F3-B599-3FD9849FD8F2}"
EndProject
Project("{2150E333-8FDC-42A3-9474-1A3956D46DE8}") = "Solution Items", "Solution Items", "{471FF2EB-283A-4B7A-848F-590C0520DC40}"
	ProjectSection(SolutionItems) = preProject
		..\..\..\Plantillas\Plantilla Inclusion.cpp = ..\..\..\Plantillas\Plantilla Inclusion.cpp
		..\..\..\Plantillas\PlantillaActualizacionDiccionario.cpp = ..\..\..\Plantillas\PlantillaActualizacionDiccionario.cpp
		..\..\..\Plantillas\PlantillaAnagramas.cpp = ..\..\..\Plantillas\PlantillaAnagramas.cpp
		..\..\..\Plantillas\PlantillaBienSituado.cpp = ..\..\..\Plantillas\PlantillaBienSituado.cpp
		..\..\..\Plantillas\PlantillaCasanova.cpp = ..\..\..\Plantillas\PlantillaCasanova.cpp
		..\..\..\Plantillas\PlantillaConcierto.cpp = ..\..\..\Plantillas\PlantillaConcierto.cpp
		..\..\..\Plantillas\PlantillaCuela.cpp = ..\..\..\Plantillas\PlantillaCuela.cpp
		..\..\..\Plantillas\PlantillaCurvaConcava.cpp = ..\..\..\Plantillas\PlantillaCurvaConcava.cpp
		..\..\..\Plantillas\PlantillaElemPerdido.cpp = ..\..\..\Plantillas\PlantillaElemPerdido.cpp
		..\..\..\Plantillas\PlantillaEligiendoDeporte.cpp = ..\..\..\Plantillas\PlantillaEligiendoDeporte.cpp
		..\..\..\Plantillas\PlantillaFormasSumar.cpp = ..\..\..\Plantillas\PlantillaFormasSumar.cpp
		..\..\..\Plantillas\PlantillaJuezCasosIlimitados.cpp = ..\..\..\Plantillas\PlantillaJuezCasosIlimitados.cpp
		..\..\..\Plantillas\PlantillaJuezCentinela.cpp = ..\..\..\Plantillas\PlantillaJuezCentinela.cpp
		..\..\..\Plantillas\PlantillaJuezNumeroCasos.cpp = ..\..\..\Plantillas\PlantillaJuezNumeroCasos.cpp
		..\..\..\Plantillas\PlantillaLucesNavidad.cpp = ..\..\..\Plantillas\PlantillaLucesNavidad.cpp
		..\..\..\Plantillas\PlantillaNodosHojasYAltura.cpp = ..\..\..\Plantillas\PlantillaNodosHojasYAltura.cpp
		..\..\..\Plantillas\PlantillaNodosHojasYAltura_Javi.cpp = ..\..\..\Plantillas\PlantillaNodosHojasYAltura_Javi.cpp
		..\..\..\Plantillas\PlantillaRefsCruzadas.cpp = ..\..\..\Plantillas\PlantillaRefsCruzadas.cpp
		..\..\..\Plantillas\PlantillaTramosNavegables.cpp = ..\..\..\Plantillas\PlantillaTramosNavegables.cpp
		..\..\..\Plantillas\PlantillaZurdos.cpp = ..\..\..\Plantillas\PlantillaZurdos.cpp
	EndProjectSection
EndProject
Project("{8BC9CEB8-8B4A-11D0-8D11-00A0C91BC942}") = "Tema1.4", "Tema1.4\Tema1.4.vcxproj", "{D5777994-6A94-4B50-B369-7CD817C5C9D1}"
EndProject
Project("{8BC9CEB8-8B4A-11D0-8D11-00A0C91BC942}") = "Tema2.1", "Tema2.1\Tema2.1.vcxproj", "{7F183D61-3A92-45AE-A5D9-219689239D6E}"
EndProject
Project("{8BC9CEB8-8B4A-11D0-8D11-00A0C91BC942}") = "Tema2.2", "Tema2.2\Tema2.2.vcxproj", "{8CCB3433-C531-4881-A984-141783AFA8DC}"
EndProject
Project("{8BC9CEB8-8B4A-11D0-8D11-00A0C91BC942}") = "Tema2.3", "Tema2.3\Tema2.3.vcxproj", "{199AE2CD-60E9-45D1-8214-BE3444684ECF}"
EndProject
Project("{8BC9CEB8-8B4A-11D0-8D11-00A0C91BC942}") = "Tema2.4", "Tema2.4\Tema2.4.vcxproj", "{D3241C3F-4C85-42BF-9975-9B9BDB6528C3}"
EndProject
Project("{8BC9CEB8-8B4A-11D0-8D11-00A0C91BC942}") = "Tema2.5", "Tema2.5\Tema2.5.vcxproj", "{D2364F9A-6535-4BEF-8ABB-2E26886D63DC}"
EndProject
Project("{8BC9CEB8-8B4A-11D0-8D11-00A0C91BC942}") = "Tema2.6", "Tema2.6\Tema2.6.vcxproj", "{F88FFF64-ECD8-46F5-B08F-D376B22F8EF5}"
EndProject
Project("{8BC9CEB8-8B4A-11D0-8D11-00A0C91BC942}") = "Tema2.7", "Tema2.7\Tema2.7.vcxproj", "{902A6B0B-7130-4660-8ED2-905AB332CFDC}"
EndProject
Project("{8BC9CEB8-8B4A-11D0-8D11-00A0C91BC942}") = "Tema2.8", "Tema2.8\Tema2.8.vcxproj", "{4DA0826C-5B12-4227-9522-7EA759FB4FCF}"
EndProject
Project("{8BC9CEB8-8B4A-11D0-8D11-00A0C91BC942}") = "Tema2.9", "Tema2.9\Tema2.9.vcxproj", "{37854C8A-8619-44AD-AE78-55C25A57580E}"
EndProject
Project("{8BC9CEB8-8B4A-11D0-8D11-00A0C91BC942}") = "Tema3.1", "Tema3.1\Tema3.1.vcxproj", "{36013F8E-7ECC-4479-B426-52CDAA7D6171}"
EndProject
Project("{8BC9CEB8-8B4A-11D0-8D11-00A0C91BC942}") = "TEma2.10", "TEma2.10\TEma2.10.vcxproj", "{972CD9B5-7CCD-49C8-A5FC-3E287B2BC75F}"
EndProject
Project("{8BC9CEB8-8B4A-11D0-8D11-00A0C91BC942}") = "Tema3.2", "Tema3.2\Tema3.2.vcxproj", "{6A94592B-0E0A-4B26-8ED2-1790F32A744C}"
EndProject
Project("{8BC9CEB8-8B4A-11D0-8D11-00A0C91BC942}") = "Tema3.3", "Tema3.3\Tema3.3.vcxproj", "{61EA0BEB-DD75-401F-B967-162EA92488AE}"
EndProject
Project("{8BC9CEB8-8B4A-11D0-8D11-00A0C91BC942}") = "Tema3", "Tema3\Tema3.vcxproj", "{CB80DB93-3415-4FCE-933A-0A414E25E390}"
EndProject
Project("{8BC9CEB8-8B4A-11D0-8D11-00A0C91BC942}") = "Tema3.5", "Tema3.5\Tema3.5.vcxproj", "{AF984AB3-9439-461C-8986-97F4E41D07F8}"
EndProject
Project("{8BC9CEB8-8B4A-11D0-8D11-00A0C91BC942}") = "Tema3.6", "Tema3.6\Tema3.6.vcxproj", "{02AAE3B2-D4E3-4D55-A79A-D6F07EF3A357}"
EndProject
Project("{8BC9CEB8-8B4A-11D0-8D11-00A0C91BC942}") = "Tema3.7", "Tema3.7\Tema3.7.vcxproj", "{ECBA5561-086B-4ED1-86DF-003716FE93D9}"
EndProject
Project("{8BC9CEB8-8B4A-11D0-8D11-00A0C91BC942}") = "Tema3.8", "Tema3.8\Tema3.8.vcxproj", "{0AEED669-101C-4C31-BA0A-82DB7A8168F8}"
EndProject
Project("{8BC9CEB8-8B4A-11D0-8D11-00A0C91BC942}") = "Tema3.9", "Tema3.9\Tema3.9.vcxproj", "{E97CEAB2-1430-4078-8B82-3B40A1BAC126}"
EndProject
Project("{8BC9CEB8-8B4A-11D0-8D11-00A0C91BC942}") = "Tema3.10", "Tema3.10\Tema3.10.vcxproj", "{D3F43AD2-8591-400C-9E4E-C1BD6EBCFD37}"
EndProject
Project("{8BC9CEB8-8B4A-11D0-8D11-00A0C91BC942}") = "Tema3.11", "Tema3.11\Tema3.11.vcxproj", "{56BD22D6-0753-4949-8D24-72678F3AAF31}"
EndProject
Project("{8BC9CEB8-8B4A-11D0-8D11-00A0C91BC942}") = "Tema3.12", "Tema3.12\Tema3.12.vcxproj", "{590B3423-998A-4F61-AC11-21A02FFAE83A}"
EndProject
Project("{8BC9CEB8-8B4A-11D0-8D11-00A0C91BC942}") = "Tema3.13", "Tema3.13\Tema3.13.vcxproj", "{F4DAA336-927C-4B83-992C-878546C7B8E1}"
EndProject
Project("{8BC9CEB8-8B4A-11D0-8D11-00A0C91BC942}") = "Tema4.01", "Tema4.01\Tema4.01.vcxproj", "{9B3B7030-77D1-4BF0-BF28-644D18B15D33}"
EndProject
Project("{8BC9CEB8-8B4A-11D0-8D11-00A0C91BC942}") = "Tema4.02", "Tema4.02\Tema4.02.vcxproj", "{1AD67499-0447-4D74-A80F-95DF83FDFF31}"
EndProject
Project("{8BC9CEB8-8B4A-11D0-8D11-00A0C91BC942}") = "Tema4.03", "Tema4.03\Tema4.03.vcxproj", "{3F5D94B2-AA8F-4196-8E6D-951C0A4AF119}"
EndProject
Project("{8BC9CEB8-8B4A-11D0-8D11-00A0C91BC942}") = "Tema4.04", "Tema4.04\Tema4.04.vcxproj", "{B36B38E2-7ECF-4FF1-8A10-0E50F33DB4E3}"
EndProject
Project("{8BC9CEB8-8B4A-11D0-8D11-00A0C91BC942}") = "Tema5.01", "Tema5.01\Tema5.01.vcxproj", "{50E73704-8633-47FA-96E8-C88B67A244F7}"
EndProject
Project("{8BC9CEB8-8B4A-11D0-8D11-00A0C91BC942}") = "Tema5.02", "Tema5.02\Tema5.02.vcxproj", "{4F3BDED6-58DA-4EAA-9973-FEE53578A93C}"
EndProject
Project("{8BC9CEB8-8B4A-11D0-8D11-00A0C91BC942}") = "Tema5.03", "Tema5.03\Tema5.03.vcxproj", "{4C659107-6D5F-48BE-A161-38CEB72CF3FC}"
EndProject
Project("{8BC9CEB8-8B4A-11D0-8D11-00A0C91BC942}") = "Tema5.04", "Tema5.04\Tema5.04.vcxproj", "{7D56C917-245B-42ED-BF99-5261A3851ED2}"
EndProject
Project("{8BC9CEB8-8B4A-11D0-8D11-00A0C91BC942}") = "Tema5.05", "Tema5.05\Tema5.05.vcxproj", "{9F55765F-D510-4F21-8D7D-842699130D20}"
EndProject
Project("{8BC9CEB8-8B4A-11D0-8D11-00A0C91BC942}") = "Tema5.06", "Tema5.06\Tema5.06.vcxproj", "{1824C698-851D-42FB-AE32-092BAD95EADE}"
EndProject
Project("{8BC9CEB8-8B4A-11D0-8D11-00A0C91BC942}") = "Tema5.07", "Tema5.07\Tema5.07.vcxproj", "{90CADF2E-07B2-43AD-AB57-E4F494B594D7}"
EndProject
Project("{8BC9CEB8-8B4A-11D0-8D11-00A0C91BC942}") = "Tema5.08", "Tema5.08\Tema5.08.vcxproj", "{CEC52D42-63CA-4032-A2DC-F862A31FD99C}"
EndProject
Project("{8BC9CEB8-8B4A-11D0-8D11-00A0C91BC942}") = "Tema5.09", "Tema5.09\Tema5.09.vcxproj", "{B67319D5-6BB0-4B1F-83C9-212C27BB8C6D}"
EndProject
Project("{8BC9CEB8-8B4A-11D0-8D11-00A0C91BC942}") = "Ej1_Ene2022", "Ej1_Ene2022\Ej1_Ene2022.vcxproj", "{DCB84EBC-72C8-4F2D-956E-B1912090AE03}"
EndProject
Project("{8BC9CEB8-8B4A-11D0-8D11-00A0C91BC942}") = "Tema5.10", "Tema5.10\Tema5.10.vcxproj", "{381CC5BA-CB5A-4B0C-8070-4756715334F1}"
EndProject
Project("{8BC9CEB8-8B4A-11D0-8D11-00A0C91BC942}") = "Tema5.13", "Tema5.13\Tema5.13.vcxproj", "{E0F96CBD-02ED-423E-A5FD-B8889B7354ED}"
EndProject
Project("{8BC9CEB8-8B4A-11D0-8D11-00A0C91BC942}") = "Tema6.01", "Tema6.01\Tema6.01.vcxproj", "{111F86E9-31F0-4921-97B6-CCB19DD3F2CA}"
EndProject
Project("{8BC9CEB8-8B4A-11D0-8D11-00A0C91BC942}") = "Tema6.01externa", "Tema6.01externa\Tema6.01externa.vcxproj", "{634D5EFE-1382-4A8A-9387-855A4822BC24}"
EndProject
Project("{8BC9CEB8-8B4A-11D0-8D11-00A0C91BC942}") = "Tema6.02", "Tema6.02\Tema6.02.vcxproj", "{8238DECC-F47D-4D5F-B0D7-BD0B49C397AD}"
EndProject
Project("{8BC9CEB8-8B4A-11D0-8D11-00A0C91BC942}") = "Tema6.03", "Tema6.03\Tema6.03.vcxproj", "{1855CDC6-9F24-4C48-8D2E-4B2DB9C4FA5F}"
EndProject
Project("{8BC9CEB8-8B4A-11D0-8D11-00A0C91BC942}") = "Tema6.04", "Tema6.04\Tema6.04.vcxproj", "{1F19DB04-D453-4D4C-A836-03B48764A69F}"
EndProject
Project("{8BC9CEB8-8B4A-11D0-8D11-00A0C91BC942}") = "Tema6.05", "Tema6.05\Tema6.05.vcxproj", "{195B4A6E-B643-4075-8561-FA8EC21A5ED4}"
EndProject
Project("{8BC9CEB8-8B4A-11D0-8D11-00A0C91BC942}") = "TEma6.06", "TEma6.06\TEma6.06.vcxproj", "{CAA31B1E-D4A7-477C-B925-B1A6064BF6E2}"
EndProject
Project("{8BC9CEB8-8B4A-11D0-8D11-00A0C91BC942}") = "Tema6.07", "Tema6.07\Tema6.07.vcxproj", "{62DE29CE-E024-4A39-ADED-C024FA5C9D4B}"
EndProject
Global
	GlobalSection(SolutionConfigurationPlatforms) = preSolution
		Debug|x64 = Debug|x64
		Debug|x86 = Debug|x86
		Release|x64 = Release|x64
		Release|x86 = Release|x86
	EndGlobalSection
	GlobalSection(ProjectConfigurationPlatforms) = postSolution
		{FC48B0F9-75D0-4B1A-8F83-22A183AE2F1E}.Debug|x64.ActiveCfg = Debug|x64
		{FC48B0F9-75D0-4B1A-8F83-22A183AE2F1E}.Debug|x64.Build.0 = Debug|x64
		{FC48B0F9-75D0-4B1A-8F83-22A183AE2F1E}.Debug|x86.ActiveCfg = Debug|Win32
		{FC48B0F9-75D0-4B1A-8F83-22A183AE2F1E}.Debug|x86.Build.0 = Debug|Win32
		{FC48B0F9-75D0-4B1A-8F83-22A183AE2F1E}.Release|x64.ActiveCfg = Release|x64
		{FC48B0F9-75D0-4B1A-8F83-22A183AE2F1E}.Release|x64.Build.0 = Release|x64
		{FC48B0F9-75D0-4B1A-8F83-22A183AE2F1E}.Release|x86.ActiveCfg = Release|Win32
		{FC48B0F9-75D0-4B1A-8F83-22A183AE2F1E}.Release|x86.Build.0 = Release|Win32
		{9682DE3E-4630-4D8C-932C-A33F20D511EA}.Debug|x64.ActiveCfg = Debug|x64
		{9682DE3E-4630-4D8C-932C-A33F20D511EA}.Debug|x64.Build.0 = Debug|x64
		{9682DE3E-4630-4D8C-932C-A33F20D511EA}.Debug|x86.ActiveCfg = Debug|Win32
		{9682DE3E-4630-4D8C-932C-A33F20D511EA}.Debug|x86.Build.0 = Debug|Win32
		{9682DE3E-4630-4D8C-932C-A33F20D511EA}.Release|x64.ActiveCfg = Release|x64
		{9682DE3E-4630-4D8C-932C-A33F20D511EA}.Release|x64.Build.0 = Release|x64
		{9682DE3E-4630-4D8C-932C-A33F20D511EA}.Release|x86.ActiveCfg = Release|Win32
		{9682DE3E-4630-4D8C-932C-A33F20D511EA}.Release|x86.Build.0 = Release|Win32
		{2A8AFF3F-D023-49F3-B599-3FD9849FD8F2}.Debug|x64.ActiveCfg = Debug|x64
		{2A8AFF3F-D023-49F3-B599-3FD9849FD8F2}.Debug|x64.Build.0 = Debug|x64
		{2A8AFF3F-D023-49F3-B599-3FD9849FD8F2}.Debug|x86.ActiveCfg = Debug|Win32
		{2A8AFF3F-D023-49F3-B599-3FD9849FD8F2}.Debug|x86.Build.0 = Debug|Win32
		{2A8AFF3F-D023-49F3-B599-3FD9849FD8F2}.Release|x64.ActiveCfg = Release|x64
		{2A8AFF3F-D023-49F3-B599-3FD9849FD8F2}.Release|x64.Build.0 = Release|x64
		{2A8AFF3F-D023-49F3-B599-3FD9849FD8F2}.Release|x86.ActiveCfg = Release|Win32
		{2A8AFF3F-D023-49F3-B599-3FD9849FD8F2}.Release|x86.Build.0 = Release|Win32
		{D5777994-6A94-4B50-B369-7CD817C5C9D1}.Debug|x64.ActiveCfg = Debug|x64
		{D5777994-6A94-4B50-B369-7CD817C5C9D1}.Debug|x64.Build.0 = Debug|x64
		{D5777994-6A94-4B50-B369-7CD817C5C9D1}.Debug|x86.ActiveCfg = Debug|Win32
		{D5777994-6A94-4B50-B369-7CD817C5C9D1}.Debug|x86.Build.0 = Debug|Win32
		{D5777994-6A94-4B50-B369-7CD817C5C9D1}.Release|x64.ActiveCfg = Release|x64
		{D5777994-6A94-4B50-B369-7CD817C5C9D1}.Release|x64.Build.0 = Release|x64
		{D5777994-6A94-4B50-B369-7CD817C5C9D1}.Release|x86.ActiveCfg = Release|Win32
		{D5777994-6A94-4B50-B369-7CD817C5C9D1}.Release|x86.Build.0 = Release|Win32
		{7F183D61-3A92-45AE-A5D9-219689239D6E}.Debug|x64.ActiveCfg = Debug|x64
		{7F183D61-3A92-45AE-A5D9-219689239D6E}.Debug|x64.Build.0 = Debug|x64
		{7F183D61-3A92-45AE-A5D9-219689239D6E}.Debug|x86.ActiveCfg = Debug|Win32
		{7F183D61-3A92-45AE-A5D9-219689239D6E}.Debug|x86.Build.0 = Debug|Win32
		{7F183D61-3A92-45AE-A5D9-219689239D6E}.Release|x64.ActiveCfg = Release|x64
		{7F183D61-3A92-45AE-A5D9-219689239D6E}.Release|x64.Build.0 = Release|x64
		{7F183D61-3A92-45AE-A5D9-219689239D6E}.Release|x86.ActiveCfg = Release|Win32
		{7F183D61-3A92-45AE-A5D9-219689239D6E}.Release|x86.Build.0 = Release|Win32
		{8CCB3433-C531-4881-A984-141783AFA8DC}.Debug|x64.ActiveCfg = Debug|x64
		{8CCB3433-C531-4881-A984-141783AFA8DC}.Debug|x64.Build.0 = Debug|x64
		{8CCB3433-C531-4881-A984-141783AFA8DC}.Debug|x86.ActiveCfg = Debug|Win32
		{8CCB3433-C531-4881-A984-141783AFA8DC}.Debug|x86.Build.0 = Debug|Win32
		{8CCB3433-C531-4881-A984-141783AFA8DC}.Release|x64.ActiveCfg = Release|x64
		{8CCB3433-C531-4881-A984-141783AFA8DC}.Release|x64.Build.0 = Release|x64
		{8CCB3433-C531-4881-A984-141783AFA8DC}.Release|x86.ActiveCfg = Release|Win32
		{8CCB3433-C531-4881-A984-141783AFA8DC}.Release|x86.Build.0 = Release|Win32
		{199AE2CD-60E9-45D1-8214-BE3444684ECF}.Debug|x64.ActiveCfg = Debug|x64
		{199AE2CD-60E9-45D1-8214-BE3444684ECF}.Debug|x64.Build.0 = Debug|x64
		{199AE2CD-60E9-45D1-8214-BE3444684ECF}.Debug|x86.ActiveCfg = Debug|Win32
		{199AE2CD-60E9-45D1-8214-BE3444684ECF}.Debug|x86.Build.0 = Debug|Win32
		{199AE2CD-60E9-45D1-8214-BE3444684ECF}.Release|x64.ActiveCfg = Release|x64
		{199AE2CD-60E9-45D1-8214-BE3444684ECF}.Release|x64.Build.0 = Release|x64
		{199AE2CD-60E9-45D1-8214-BE3444684ECF}.Release|x86.ActiveCfg = Release|Win32
		{199AE2CD-60E9-45D1-8214-BE3444684ECF}.Release|x86.Build.0 = Release|Win32
		{D3241C3F-4C85-42BF-9975-9B9BDB6528C3}.Debug|x64.ActiveCfg = Debug|x64
		{D3241C3F-4C85-42BF-9975-9B9BDB6528C3}.Debug|x64.Build.0 = Debug|x64
		{D3241C3F-4C85-42BF-9975-9B9BDB6528C3}.Debug|x86.ActiveCfg = Debug|Win32
		{D3241C3F-4C85-42BF-9975-9B9BDB6528C3}.Debug|x86.Build.0 = Debug|Win32
		{D3241C3F-4C85-42BF-9975-9B9BDB6528C3}.Release|x64.ActiveCfg = Release|x64
		{D3241C3F-4C85-42BF-9975-9B9BDB6528C3}.Release|x64.Build.0 = Release|x64
		{D3241C3F-4C85-42BF-9975-9B9BDB6528C3}.Release|x86.ActiveCfg = Release|Win32
		{D3241C3F-4C85-42BF-9975-9B9BDB6528C3}.Release|x86.Build.0 = Release|Win32
		{D2364F9A-6535-4BEF-8ABB-2E26886D63DC}.Debug|x64.ActiveCfg = Debug|x64
		{D2364F9A-6535-4BEF-8ABB-2E26886D63DC}.Debug|x64.Build.0 = Debug|x64
		{D2364F9A-6535-4BEF-8ABB-2E26886D63DC}.Debug|x86.ActiveCfg = Debug|Win32
		{D2364F9A-6535-4BEF-8ABB-2E26886D63DC}.Debug|x86.Build.0 = Debug|Win32
		{D2364F9A-6535-4BEF-8ABB-2E26886D63DC}.Release|x64.ActiveCfg = Release|x64
		{D2364F9A-6535-4BEF-8ABB-2E26886D63DC}.Release|x64.Build.0 = Release|x64
		{D2364F9A-6535-4BEF-8ABB-2E26886D63DC}.Release|x86.ActiveCfg = Release|Win32
		{D2364F9A-6535-4BEF-8ABB-2E26886D63DC}.Release|x86.Build.0 = Release|Win32
		{F88FFF64-ECD8-46F5-B08F-D376B22F8EF5}.Debug|x64.ActiveCfg = Debug|x64
		{F88FFF64-ECD8-46F5-B08F-D376B22F8EF5}.Debug|x64.Build.0 = Debug|x64
		{F88FFF64-ECD8-46F5-B08F-D376B22F8EF5}.Debug|x86.ActiveCfg = Debug|Win32
		{F88FFF64-ECD8-46F5-B08F-D376B22F8EF5}.Debug|x86.Build.0 = Debug|Win32
		{F88FFF64-ECD8-46F5-B08F-D376B22F8EF5}.Release|x64.ActiveCfg = Release|x64
		{F88FFF64-ECD8-46F5-B08F-D376B22F8EF5}.Release|x64.Build.0 = Release|x64
		{F88FFF64-ECD8-46F5-B08F-D376B22F8EF5}.Release|x86.ActiveCfg = Release|Win32
		{F88FFF64-ECD8-46F5-B08F-D376B22F8EF5}.Release|x86.Build.0 = Release|Win32
		{902A6B0B-7130-4660-8ED2-905AB332CFDC}.Debug|x64.ActiveCfg = Debug|x64
		{902A6B0B-7130-4660-8ED2-905AB332CFDC}.Debug|x64.Build.0 = Debug|x64
		{902A6B0B-7130-4660-8ED2-905AB332CFDC}.Debug|x86.ActiveCfg = Debug|Win32
		{902A6B0B-7130-4660-8ED2-905AB332CFDC}.Debug|x86.Build.0 = Debug|Win32
		{902A6B0B-7130-4660-8ED2-905AB332CFDC}.Release|x64.ActiveCfg = Release|x64
		{902A6B0B-7130-4660-8ED2-905AB332CFDC}.Release|x64.Build.0 = Release|x64
		{902A6B0B-7130-4660-8ED2-905AB332CFDC}.Release|x86.ActiveCfg = Release|Win32
		{902A6B0B-7130-4660-8ED2-905AB332CFDC}.Release|x86.Build.0 = Release|Win32
		{4DA0826C-5B12-4227-9522-7EA759FB4FCF}.Debug|x64.ActiveCfg = Debug|x64
		{4DA0826C-5B12-4227-9522-7EA759FB4FCF}.Debug|x64.Build.0 = Debug|x64
		{4DA0826C-5B12-4227-9522-7EA759FB4FCF}.Debug|x86.ActiveCfg = Debug|Win32
		{4DA0826C-5B12-4227-9522-7EA759FB4FCF}.Debug|x86.Build.0 = Debug|Win32
		{4DA0826C-5B12-4227-9522-7EA759FB4FCF}.Release|x64.ActiveCfg = Release|x64
		{4DA0826C-5B12-4227-9522-7EA759FB4FCF}.Release|x64.Build.0 = Release|x64
		{4DA0826C-5B12-4227-9522-7EA759FB4FCF}.Release|x86.ActiveCfg = Release|Win32
		{4DA0826C-5B12-4227-9522-7EA759FB4FCF}.Release|x86.Build.0 = Release|Win32
		{37854C8A-8619-44AD-AE78-55C25A57580E}.Debug|x64.ActiveCfg = Debug|x64
		{37854C8A-8619-44AD-AE78-55C25A57580E}.Debug|x64.Build.0 = Debug|x64
		{37854C8A-8619-44AD-AE78-55C25A57580E}.Debug|x86.ActiveCfg = Debug|Win32
		{37854C8A-8619-44AD-AE78-55C25A57580E}.Debug|x86.Build.0 = Debug|Win32
		{37854C8A-8619-44AD-AE78-55C25A57580E}.Release|x64.ActiveCfg = Release|x64
		{37854C8A-8619-44AD-AE78-55C25A57580E}.Release|x64.Build.0 = Release|x64
		{37854C8A-8619-44AD-AE78-55C25A57580E}.Release|x86.ActiveCfg = Release|Win32
		{37854C8A-8619-44AD-AE78-55C25A57580E}.Release|x86.Build.0 = Release|Win32
		{36013F8E-7ECC-4479-B426-52CDAA7D6171}.Debug|x64.ActiveCfg = Debug|x64
		{36013F8E-7ECC-4479-B426-52CDAA7D6171}.Debug|x64.Build.0 = Debug|x64
		{36013F8E-7ECC-4479-B426-52CDAA7D6171}.Debug|x86.ActiveCfg = Debug|Win32
		{36013F8E-7ECC-4479-B426-52CDAA7D6171}.Debug|x86.Build.0 = Debug|Win32
		{36013F8E-7ECC-4479-B426-52CDAA7D6171}.Release|x64.ActiveCfg = Release|x64
		{36013F8E-7ECC-4479-B426-52CDAA7D6171}.Release|x64.Build.0 = Release|x64
		{36013F8E-7ECC-4479-B426-52CDAA7D6171}.Release|x86.ActiveCfg = Release|Win32
		{36013F8E-7ECC-4479-B426-52CDAA7D6171}.Release|x86.Build.0 = Release|Win32
		{972CD9B5-7CCD-49C8-A5FC-3E287B2BC75F}.Debug|x64.ActiveCfg = Debug|x64
		{972CD9B5-7CCD-49C8-A5FC-3E287B2BC75F}.Debug|x64.Build.0 = Debug|x64
		{972CD9B5-7CCD-49C8-A5FC-3E287B2BC75F}.Debug|x86.ActiveCfg = Debug|Win32
		{972CD9B5-7CCD-49C8-A5FC-3E287B2BC75F}.Debug|x86.Build.0 = Debug|Win32
		{972CD9B5-7CCD-49C8-A5FC-3E287B2BC75F}.Release|x64.ActiveCfg = Release|x64
		{972CD9B5-7CCD-49C8-A5FC-3E287B2BC75F}.Release|x64.Build.0 = Release|x64
		{972CD9B5-7CCD-49C8-A5FC-3E287B2BC75F}.Release|x86.ActiveCfg = Release|Win32
		{972CD9B5-7CCD-49C8-A5FC-3E287B2BC75F}.Release|x86.Build.0 = Release|Win32
		{6A94592B-0E0A-4B26-8ED2-1790F32A744C}.Debug|x64.ActiveCfg = Debug|x64
		{6A94592B-0E0A-4B26-8ED2-1790F32A744C}.Debug|x64.Build.0 = Debug|x64
		{6A94592B-0E0A-4B26-8ED2-1790F32A744C}.Debug|x86.ActiveCfg = Debug|Win32
		{6A94592B-0E0A-4B26-8ED2-1790F32A744C}.Debug|x86.Build.0 = Debug|Win32
		{6A94592B-0E0A-4B26-8ED2-1790F32A744C}.Release|x64.ActiveCfg = Release|x64
		{6A94592B-0E0A-4B26-8ED2-1790F32A744C}.Release|x64.Build.0 = Release|x64
		{6A94592B-0E0A-4B26-8ED2-1790F32A744C}.Release|x86.ActiveCfg = Release|Win32
		{6A94592B-0E0A-4B26-8ED2-1790F32A744C}.Release|x86.Build.0 = Release|Win32
		{61EA0BEB-DD75-401F-B967-162EA92488AE}.Debug|x64.ActiveCfg = Debug|x64
		{61EA0BEB-DD75-401F-B967-162EA92488AE}.Debug|x64.Build.0 = Debug|x64
		{61EA0BEB-DD75-401F-B967-162EA92488AE}.Debug|x86.ActiveCfg = Debug|Win32
		{61EA0BEB-DD75-401F-B967-162EA92488AE}.Debug|x86.Build.0 = Debug|Win32
		{61EA0BEB-DD75-401F-B967-162EA92488AE}.Release|x64.ActiveCfg = Release|x64
		{61EA0BEB-DD75-401F-B967-162EA92488AE}.Release|x64.Build.0 = Release|x64
		{61EA0BEB-DD75-401F-B967-162EA92488AE}.Release|x86.ActiveCfg = Release|Win32
		{61EA0BEB-DD75-401F-B967-162EA92488AE}.Release|x86.Build.0 = Release|Win32
		{CB80DB93-3415-4FCE-933A-0A414E25E390}.Debug|x64.ActiveCfg = Debug|x64
		{CB80DB93-3415-4FCE-933A-0A414E25E390}.Debug|x64.Build.0 = Debug|x64
		{CB80DB93-3415-4FCE-933A-0A414E25E390}.Debug|x86.ActiveCfg = Debug|Win32
		{CB80DB93-3415-4FCE-933A-0A414E25E390}.Debug|x86.Build.0 = Debug|Win32
		{CB80DB93-3415-4FCE-933A-0A414E25E390}.Release|x64.ActiveCfg = Release|x64
		{CB80DB93-3415-4FCE-933A-0A414E25E390}.Release|x64.Build.0 = Release|x64
		{CB80DB93-3415-4FCE-933A-0A414E25E390}.Release|x86.ActiveCfg = Release|Win32
		{CB80DB93-3415-4FCE-933A-0A414E25E390}.Release|x86.Build.0 = Release|Win32
		{AF984AB3-9439-461C-8986-97F4E41D07F8}.Debug|x64.ActiveCfg = Debug|x64
		{AF984AB3-9439-461C-8986-97F4E41D07F8}.Debug|x64.Build.0 = Debug|x64
		{AF984AB3-9439-461C-8986-97F4E41D07F8}.Debug|x86.ActiveCfg = Debug|Win32
		{AF984AB3-9439-461C-8986-97F4E41D07F8}.Debug|x86.Build.0 = Debug|Win32
		{AF984AB3-9439-461C-8986-97F4E41D07F8}.Release|x64.ActiveCfg = Release|x64
		{AF984AB3-9439-461C-8986-97F4E41D07F8}.Release|x64.Build.0 = Release|x64
		{AF984AB3-9439-461C-8986-97F4E41D07F8}.Release|x86.ActiveCfg = Release|Win32
		{AF984AB3-9439-461C-8986-97F4E41D07F8}.Release|x86.Build.0 = Release|Win32
		{02AAE3B2-D4E3-4D55-A79A-D6F07EF3A357}.Debug|x64.ActiveCfg = Debug|x64
		{02AAE3B2-D4E3-4D55-A79A-D6F07EF3A357}.Debug|x64.Build.0 = Debug|x64
		{02AAE3B2-D4E3-4D55-A79A-D6F07EF3A357}.Debug|x86.ActiveCfg = Debug|Win32
		{02AAE3B2-D4E3-4D55-A79A-D6F07EF3A357}.Debug|x86.Build.0 = Debug|Win32
		{02AAE3B2-D4E3-4D55-A79A-D6F07EF3A357}.Release|x64.ActiveCfg = Release|x64
		{02AAE3B2-D4E3-4D55-A79A-D6F07EF3A357}.Release|x64.Build.0 = Release|x64
		{02AAE3B2-D4E3-4D55-A79A-D6F07EF3A357}.Release|x86.ActiveCfg = Release|Win32
		{02AAE3B2-D4E3-4D55-A79A-D6F07EF3A357}.Release|x86.Build.0 = Release|Win32
		{ECBA5561-086B-4ED1-86DF-003716FE93D9}.Debug|x64.ActiveCfg = Debug|x64
		{ECBA5561-086B-4ED1-86DF-003716FE93D9}.Debug|x64.Build.0 = Debug|x64
		{ECBA5561-086B-4ED1-86DF-003716FE93D9}.Debug|x86.ActiveCfg = Debug|Win32
		{ECBA5561-086B-4ED1-86DF-003716FE93D9}.Debug|x86.Build.0 = Debug|Win32
		{ECBA5561-086B-4ED1-86DF-003716FE93D9}.Release|x64.ActiveCfg = Release|x64
		{ECBA5561-086B-4ED1-86DF-003716FE93D9}.Release|x64.Build.0 = Release|x64
		{ECBA5561-086B-4ED1-86DF-003716FE93D9}.Release|x86.ActiveCfg = Release|Win32
		{ECBA5561-086B-4ED1-86DF-003716FE93D9}.Release|x86.Build.0 = Release|Win32
		{0AEED669-101C-4C31-BA0A-82DB7A8168F8}.Debug|x64.ActiveCfg = Debug|x64
		{0AEED669-101C-4C31-BA0A-82DB7A8168F8}.Debug|x64.Build.0 = Debug|x64
		{0AEED669-101C-4C31-BA0A-82DB7A8168F8}.Debug|x86.ActiveCfg = Debug|Win32
		{0AEED669-101C-4C31-BA0A-82DB7A8168F8}.Debug|x86.Build.0 = Debug|Win32
		{0AEED669-101C-4C31-BA0A-82DB7A8168F8}.Release|x64.ActiveCfg = Release|x64
		{0AEED669-101C-4C31-BA0A-82DB7A8168F8}.Release|x64.Build.0 = Release|x64
		{0AEED669-101C-4C31-BA0A-82DB7A8168F8}.Release|x86.ActiveCfg = Release|Win32
		{0AEED669-101C-4C31-BA0A-82DB7A8168F8}.Release|x86.Build.0 = Release|Win32
		{E97CEAB2-1430-4078-8B82-3B40A1BAC126}.Debug|x64.ActiveCfg = Debug|x64
		{E97CEAB2-1430-4078-8B82-3B40A1BAC126}.Debug|x64.Build.0 = Debug|x64
		{E97CEAB2-1430-4078-8B82-3B40A1BAC126}.Debug|x86.ActiveCfg = Debug|Win32
		{E97CEAB2-1430-4078-8B82-3B40A1BAC126}.Debug|x86.Build.0 = Debug|Win32
		{E97CEAB2-1430-4078-8B82-3B40A1BAC126}.Release|x64.ActiveCfg = Release|x64
		{E97CEAB2-1430-4078-8B82-3B40A1BAC126}.Release|x64.Build.0 = Release|x64
		{E97CEAB2-1430-4078-8B82-3B40A1BAC126}.Release|x86.ActiveCfg = Release|Win32
		{E97CEAB2-1430-4078-8B82-3B40A1BAC126}.Release|x86.Build.0 = Release|Win32
		{D3F43AD2-8591-400C-9E4E-C1BD6EBCFD37}.Debug|x64.ActiveCfg = Debug|x64
		{D3F43AD2-8591-400C-9E4E-C1BD6EBCFD37}.Debug|x64.Build.0 = Debug|x64
		{D3F43AD2-8591-400C-9E4E-C1BD6EBCFD37}.Debug|x86.ActiveCfg = Debug|Win32
		{D3F43AD2-8591-400C-9E4E-C1BD6EBCFD37}.Debug|x86.Build.0 = Debug|Win32
		{D3F43AD2-8591-400C-9E4E-C1BD6EBCFD37}.Release|x64.ActiveCfg = Release|x64
		{D3F43AD2-8591-400C-9E4E-C1BD6EBCFD37}.Release|x64.Build.0 = Release|x64
		{D3F43AD2-8591-400C-9E4E-C1BD6EBCFD37}.Release|x86.ActiveCfg = Release|Win32
		{D3F43AD2-8591-400C-9E4E-C1BD6EBCFD37}.Release|x86.Build.0 = Release|Win32
		{56BD22D6-0753-4949-8D24-72678F3AAF31}.Debug|x64.ActiveCfg = Debug|x64
		{56BD22D6-0753-4949-8D24-72678F3AAF31}.Debug|x64.Build.0 = Debug|x64
		{56BD22D6-0753-4949-8D24-72678F3AAF31}.Debug|x86.ActiveCfg = Debug|Win32
		{56BD22D6-0753-4949-8D24-72678F3AAF31}.Debug|x86.Build.0 = Debug|Win32
		{56BD22D6-0753-4949-8D24-72678F3AAF31}.Release|x64.ActiveCfg = Release|x64
		{56BD22D6-0753-4949-8D24-72678F3AAF31}.Release|x64.Build.0 = Release|x64
		{56BD22D6-0753-4949-8D24-72678F3AAF31}.Release|x86.ActiveCfg = Release|Win32
		{56BD22D6-0753-4949-8D24-72678F3AAF31}.Release|x86.Build.0 = Release|Win32
		{590B3423-998A-4F61-AC11-21A02FFAE83A}.Debug|x64.ActiveCfg = Debug|x64
		{590B3423-998A-4F61-AC11-21A02FFAE83A}.Debug|x64.Build.0 = Debug|x64
		{590B3423-998A-4F61-AC11-21A02FFAE83A}.Debug|x86.ActiveCfg = Debug|Win32
		{590B3423-998A-4F61-AC11-21A02FFAE83A}.Debug|x86.Build.0 = Debug|Win32
		{590B3423-998A-4F61-AC11-21A02FFAE83A}.Release|x64.ActiveCfg = Release|x64
		{590B3423-998A-4F61-AC11-21A02FFAE83A}.Release|x64.Build.0 = Release|x64
		{590B3423-998A-4F61-AC11-21A02FFAE83A}.Release|x86.ActiveCfg = Release|Win32
		{590B3423-998A-4F61-AC11-21A02FFAE83A}.Release|x86.Build.0 = Release|Win32
		{F4DAA336-927C-4B83-992C-878546C7B8E1}.Debug|x64.ActiveCfg = Debug|x64
		{F4DAA336-927C-4B83-992C-878546C7B8E1}.Debug|x64.Build.0 = Debug|x64
		{F4DAA336-927C-4B83-992C-878546C7B8E1}.Debug|x86.ActiveCfg = Debug|Win32
		{F4DAA336-927C-4B83-992C-878546C7B8E1}.Debug|x86.Build.0 = Debug|Win32
		{F4DAA336-927C-4B83-992C-878546C7B8E1}.Release|x64.ActiveCfg = Release|x64
		{F4DAA336-927C-4B83-992C-878546C7B8E1}.Release|x64.Build.0 = Release|x64
		{F4DAA336-927C-4B83-992C-878546C7B8E1}.Release|x86.ActiveCfg = Release|Win32
		{F4DAA336-927C-4B83-992C-878546C7B8E1}.Release|x86.Build.0 = Release|Win32
		{9B3B7030-77D1-4BF0-BF28-644D18B15D33}.Debug|x64.ActiveCfg = Debug|x64
		{9B3B7030-77D1-4BF0-BF28-644D18B15D33}.Debug|x64.Build.0 = Debug|x64
		{9B3B7030-77D1-4BF0-BF28-644D18B15D33}.Debug|x86.ActiveCfg = Debug|Win32
		{9B3B7030-77D1-4BF0-BF28-644D18B15D33}.Debug|x86.Build.0 = Debug|Win32
		{9B3B7030-77D1-4BF0-BF28-644D18B15D33}.Release|x64.ActiveCfg = Release|x64
		{9B3B7030-77D1-4BF0-BF28-644D18B15D33}.Release|x64.Build.0 = Release|x64
		{9B3B7030-77D1-4BF0-BF28-644D18B15D33}.Release|x86.ActiveCfg = Release|Win32
		{9B3B7030-77D1-4BF0-BF28-644D18B15D33}.Release|x86.Build.0 = Release|Win32
		{1AD67499-0447-4D74-A80F-95DF83FDFF31}.Debug|x64.ActiveCfg = Debug|x64
		{1AD67499-0447-4D74-A80F-95DF83FDFF31}.Debug|x64.Build.0 = Debug|x64
		{1AD67499-0447-4D74-A80F-95DF83FDFF31}.Debug|x86.ActiveCfg = Debug|Win32
		{1AD67499-0447-4D74-A80F-95DF83FDFF31}.Debug|x86.Build.0 = Debug|Win32
		{1AD67499-0447-4D74-A80F-95DF83FDFF31}.Release|x64.ActiveCfg = Release|x64
		{1AD67499-0447-4D74-A80F-95DF83FDFF31}.Release|x64.Build.0 = Release|x64
		{1AD67499-0447-4D74-A80F-95DF83FDFF31}.Release|x86.ActiveCfg = Release|Win32
		{1AD67499-0447-4D74-A80F-95DF83FDFF31}.Release|x86.Build.0 = Release|Win32
		{3F5D94B2-AA8F-4196-8E6D-951C0A4AF119}.Debug|x64.ActiveCfg = Debug|x64
		{3F5D94B2-AA8F-4196-8E6D-951C0A4AF119}.Debug|x64.Build.0 = Debug|x64
		{3F5D94B2-AA8F-4196-8E6D-951C0A4AF119}.Debug|x86.ActiveCfg = Debug|Win32
		{3F5D94B2-AA8F-4196-8E6D-951C0A4AF119}.Debug|x86.Build.0 = Debug|Win32
		{3F5D94B2-AA8F-4196-8E6D-951C0A4AF119}.Release|x64.ActiveCfg = Release|x64
		{3F5D94B2-AA8F-4196-8E6D-951C0A4AF119}.Release|x64.Build.0 = Release|x64
		{3F5D94B2-AA8F-4196-8E6D-951C0A4AF119}.Release|x86.ActiveCfg = Release|Win32
		{3F5D94B2-AA8F-4196-8E6D-951C0A4AF119}.Release|x86.Build.0 = Release|Win32
		{B36B38E2-7ECF-4FF1-8A10-0E50F33DB4E3}.Debug|x64.ActiveCfg = Debug|x64
		{B36B38E2-7ECF-4FF1-8A10-0E50F33DB4E3}.Debug|x64.Build.0 = Debug|x64
		{B36B38E2-7ECF-4FF1-8A10-0E50F33DB4E3}.Debug|x86.ActiveCfg = Debug|Win32
		{B36B38E2-7ECF-4FF1-8A10-0E50F33DB4E3}.Debug|x86.Build.0 = Debug|Win32
		{B36B38E2-7ECF-4FF1-8A10-0E50F33DB4E3}.Release|x64.ActiveCfg = Release|x64
		{B36B38E2-7ECF-4FF1-8A10-0E50F33DB4E3}.Release|x64.Build.0 = Release|x64
		{B36B38E2-7ECF-4FF1-8A10-0E50F33DB4E3}.Release|x86.ActiveCfg = Release|Win32
		{B36B38E2-7ECF-4FF1-8A10-0E50F33DB4E3}.Release|x86.Build.0 = Release|Win32
		{50E73704-8633-47FA-96E8-C88B67A244F7}.Debug|x64.ActiveCfg = Debug|x64
		{50E73704-8633-47FA-96E8-C88B67A244F7}.Debug|x64.Build.0 = Debug|x64
		{50E73704-8633-47FA-96E8-C88B67A244F7}.Debug|x86.ActiveCfg = Debug|Win32
		{50E73704-8633-47FA-96E8-C88B67A244F7}.Debug|x86.Build.0 = Debug|Win32
		{50E73704-8633-47FA-96E8-C88B67A244F7}.Release|x64.ActiveCfg = Release|x64
		{50E73704-8633-47FA-96E8-C88B67A244F7}.Release|x64.Build.0 = Release|x64
		{50E73704-8633-47FA-96E8-C88B67A244F7}.Release|x86.ActiveCfg = Release|Win32
		{50E73704-8633-47FA-96E8-C88B67A244F7}.Release|x86.Build.0 = Release|Win32
		{4F3BDED6-58DA-4EAA-9973-FEE53578A93C}.Debug|x64.ActiveCfg = Debug|x64
		{4F3BDED6-58DA-4EAA-9973-FEE53578A93C}.Debug|x64.Build.0 = Debug|x64
		{4F3BDED6-58DA-4EAA-9973-FEE53578A93C}.Debug|x86.ActiveCfg = Debug|Win32
		{4F3BDED6-58DA-4EAA-9973-FEE53578A93C}.Debug|x86.Build.0 = Debug|Win32
		{4F3BDED6-58DA-4EAA-9973-FEE53578A93C}.Release|x64.ActiveCfg = Release|x64
		{4F3BDED6-58DA-4EAA-9973-FEE53578A93C}.Release|x64.Build.0 = Release|x64
		{4F3BDED6-58DA-4EAA-9973-FEE53578A93C}.Release|x86.ActiveCfg = Release|Win32
		{4F3BDED6-58DA-4EAA-9973-FEE53578A93C}.Release|x86.Build.0 = Release|Win32
		{4C659107-6D5F-48BE-A161-38CEB72CF3FC}.Debug|x64.ActiveCfg = Debug|x64
		{4C659107-6D5F-48BE-A161-38CEB72CF3FC}.Debug|x64.Build.0 = Debug|x64
		{4C659107-6D5F-48BE-A161-38CEB72CF3FC}.Debug|x86.ActiveCfg = Debug|Win32
		{4C659107-6D5F-48BE-A161-38CEB72CF3FC}.Debug|x86.Build.0 = Debug|Win32
		{4C659107-6D5F-48BE-A161-38CEB72CF3FC}.Release|x64.ActiveCfg = Release|x64
		{4C659107-6D5F-48BE-A161-38CEB72CF3FC}.Release|x64.Build.0 = Release|x64
		{4C659107-6D5F-48BE-A161-38CEB72CF3FC}.Release|x86.ActiveCfg = Release|Win32
		{4C659107-6D5F-48BE-A161-38CEB72CF3FC}.Release|x86.Build.0 = Release|Win32
		{7D56C917-245B-42ED-BF99-5261A3851ED2}.Debug|x64.ActiveCfg = Debug|x64
		{7D56C917-245B-42ED-BF99-5261A3851ED2}.Debug|x64.Build.0 = Debug|x64
		{7D56C917-245B-42ED-BF99-5261A3851ED2}.Debug|x86.ActiveCfg = Debug|Win32
		{7D56C917-245B-42ED-BF99-5261A3851ED2}.Debug|x86.Build.0 = Debug|Win32
		{7D56C917-245B-42ED-BF99-5261A3851ED2}.Release|x64.ActiveCfg = Release|x64
		{7D56C917-245B-42ED-BF99-5261A3851ED2}.Release|x64.Build.0 = Release|x64
		{7D56C917-245B-42ED-BF99-5261A3851ED2}.Release|x86.ActiveCfg = Release|Win32
		{7D56C917-245B-42ED-BF99-5261A3851ED2}.Release|x86.Build.0 = Release|Win32
		{9F55765F-D510-4F21-8D7D-842699130D20}.Debug|x64.ActiveCfg = Debug|x64
		{9F55765F-D510-4F21-8D7D-842699130D20}.Debug|x64.Build.0 = Debug|x64
		{9F55765F-D510-4F21-8D7D-842699130D20}.Debug|x86.ActiveCfg = Debug|Win32
		{9F55765F-D510-4F21-8D7D-842699130D20}.Debug|x86.Build.0 = Debug|Win32
		{9F55765F-D510-4F21-8D7D-842699130D20}.Release|x64.ActiveCfg = Release|x64
		{9F55765F-D510-4F21-8D7D-842699130D20}.Release|x64.Build.0 = Release|x64
		{9F55765F-D510-4F21-8D7D-842699130D20}.Release|x86.ActiveCfg = Release|Win32
		{9F55765F-D510-4F21-8D7D-842699130D20}.Release|x86.Build.0 = Release|Win32
		{1824C698-851D-42FB-AE32-092BAD95EADE}.Debug|x64.ActiveCfg = Debug|x64
		{1824C698-851D-42FB-AE32-092BAD95EADE}.Debug|x64.Build.0 = Debug|x64
		{1824C698-851D-42FB-AE32-092BAD95EADE}.Debug|x86.ActiveCfg = Debug|Win32
		{1824C698-851D-42FB-AE32-092BAD95EADE}.Debug|x86.Build.0 = Debug|Win32
		{1824C698-851D-42FB-AE32-092BAD95EADE}.Release|x64.ActiveCfg = Release|x64
		{1824C698-851D-42FB-AE32-092BAD95EADE}.Release|x64.Build.0 = Release|x64
		{1824C698-851D-42FB-AE32-092BAD95EADE}.Release|x86.ActiveCfg = Release|Win32
		{1824C698-851D-42FB-AE32-092BAD95EADE}.Release|x86.Build.0 = Release|Win32
		{90CADF2E-07B2-43AD-AB57-E4F494B594D7}.Debug|x64.ActiveCfg = Debug|x64
		{90CADF2E-07B2-43AD-AB57-E4F494B594D7}.Debug|x64.Build.0 = Debug|x64
		{90CADF2E-07B2-43AD-AB57-E4F494B594D7}.Debug|x86.ActiveCfg = Debug|Win32
		{90CADF2E-07B2-43AD-AB57-E4F494B594D7}.Debug|x86.Build.0 = Debug|Win32
		{90CADF2E-07B2-43AD-AB57-E4F494B594D7}.Release|x64.ActiveCfg = Release|x64
		{90CADF2E-07B2-43AD-AB57-E4F494B594D7}.Release|x64.Build.0 = Release|x64
		{90CADF2E-07B2-43AD-AB57-E4F494B594D7}.Release|x86.ActiveCfg = Release|Win32
		{90CADF2E-07B2-43AD-AB57-E4F494B594D7}.Release|x86.Build.0 = Release|Win32
		{CEC52D42-63CA-4032-A2DC-F862A31FD99C}.Debug|x64.ActiveCfg = Debug|x64
		{CEC52D42-63CA-4032-A2DC-F862A31FD99C}.Debug|x64.Build.0 = Debug|x64
		{CEC52D42-63CA-4032-A2DC-F862A31FD99C}.Debug|x86.ActiveCfg = Debug|Win32
		{CEC52D42-63CA-4032-A2DC-F862A31FD99C}.Debug|x86.Build.0 = Debug|Win32
		{CEC52D42-63CA-4032-A2DC-F862A31FD99C}.Release|x64.ActiveCfg = Release|x64
		{CEC52D42-63CA-4032-A2DC-F862A31FD99C}.Release|x64.Build.0 = Release|x64
		{CEC52D42-63CA-4032-A2DC-F862A31FD99C}.Release|x86.ActiveCfg = Release|Win32
		{CEC52D42-63CA-4032-A2DC-F862A31FD99C}.Release|x86.Build.0 = Release|Win32
		{B67319D5-6BB0-4B1F-83C9-212C27BB8C6D}.Debug|x64.ActiveCfg = Debug|x64
		{B67319D5-6BB0-4B1F-83C9-212C27BB8C6D}.Debug|x64.Build.0 = Debug|x64
		{B67319D5-6BB0-4B1F-83C9-212C27BB8C6D}.Debug|x86.ActiveCfg = Debug|Win32
		{B67319D5-6BB0-4B1F-83C9-212C27BB8C6D}.Debug|x86.Build.0 = Debug|Win32
		{B67319D5-6BB0-4B1F-83C9-212C27BB8C6D}.Release|x64.ActiveCfg = Release|x64
		{B67319D5-6BB0-4B1F-83C9-212C27BB8C6D}.Release|x64.Build.0 = Release|x64
		{B67319D5-6BB0-4B1F-83C9-212C27BB8C6D}.Release|x86.ActiveCfg = Release|Win32
		{B67319D5-6BB0-4B1F-83C9-212C27BB8C6D}.Release|x86.Build.0 = Release|Win32
		{DCB84EBC-72C8-4F2D-956E-B1912090AE03}.Debug|x64.ActiveCfg = Debug|x64
		{DCB84EBC-72C8-4F2D-956E-B1912090AE03}.Debug|x64.Build.0 = Debug|x64
		{DCB84EBC-72C8-4F2D-956E-B1912090AE03}.Debug|x86.ActiveCfg = Debug|Win32
		{DCB84EBC-72C8-4F2D-956E-B1912090AE03}.Debug|x86.Build.0 = Debug|Win32
		{DCB84EBC-72C8-4F2D-956E-B1912090AE03}.Release|x64.ActiveCfg = Release|x64
		{DCB84EBC-72C8-4F2D-956E-B1912090AE03}.Release|x64.Build.0 = Release|x64
		{DCB84EBC-72C8-4F2D-956E-B1912090AE03}.Release|x86.ActiveCfg = Release|Win32
		{DCB84EBC-72C8-4F2D-956E-B1912090AE03}.Release|x86.Build.0 = Release|Win32
		{381CC5BA-CB5A-4B0C-8070-4756715334F1}.Debug|x64.ActiveCfg = Debug|x64
		{381CC5BA-CB5A-4B0C-8070-4756715334F1}.Debug|x64.Build.0 = Debug|x64
		{381CC5BA-CB5A-4B0C-8070-4756715334F1}.Debug|x86.ActiveCfg = Debug|Win32
		{381CC5BA-CB5A-4B0C-8070-4756715334F1}.Debug|x86.Build.0 = Debug|Win32
		{381CC5BA-CB5A-4B0C-8070-4756715334F1}.Release|x64.ActiveCfg = Release|x64
		{381CC5BA-CB5A-4B0C-8070-4756715334F1}.Release|x64.Build.0 = Release|x64
		{381CC5BA-CB5A-4B0C-8070-4756715334F1}.Release|x86.ActiveCfg = Release|Win32
		{381CC5BA-CB5A-4B0C-8070-4756715334F1}.Release|x86.Build.0 = Release|Win32
		{E0F96CBD-02ED-423E-A5FD-B8889B7354ED}.Debug|x64.ActiveCfg = Debug|x64
		{E0F96CBD-02ED-423E-A5FD-B8889B7354ED}.Debug|x64.Build.0 = Debug|x64
		{E0F96CBD-02ED-423E-A5FD-B8889B7354ED}.Debug|x86.ActiveCfg = Debug|Win32
		{E0F96CBD-02ED-423E-A5FD-B8889B7354ED}.Debug|x86.Build.0 = Debug|Win32
		{E0F96CBD-02ED-423E-A5FD-B8889B7354ED}.Release|x64.ActiveCfg = Release|x64
		{E0F96CBD-02ED-423E-A5FD-B8889B7354ED}.Release|x64.Build.0 = Release|x64
		{E0F96CBD-02ED-423E-A5FD-B8889B7354ED}.Release|x86.ActiveCfg = Release|Win32
		{E0F96CBD-02ED-423E-A5FD-B8889B7354ED}.Release|x86.Build.0 = Release|Win32
		{111F86E9-31F0-4921-97B6-CCB19DD3F2CA}.Debug|x64.ActiveCfg = Debug|x64
		{111F86E9-31F0-4921-97B6-CCB19DD3F2CA}.Debug|x64.Build.0 = Debug|x64
		{111F86E9-31F0-4921-97B6-CCB19DD3F2CA}.Debug|x86.ActiveCfg = Debug|Win32
		{111F86E9-31F0-4921-97B6-CCB19DD3F2CA}.Debug|x86.Build.0 = Debug|Win32
		{111F86E9-31F0-4921-97B6-CCB19DD3F2CA}.Release|x64.ActiveCfg = Release|x64
		{111F86E9-31F0-4921-97B6-CCB19DD3F2CA}.Release|x64.Build.0 = Release|x64
		{111F86E9-31F0-4921-97B6-CCB19DD3F2CA}.Release|x86.ActiveCfg = Release|Win32
		{111F86E9-31F0-4921-97B6-CCB19DD3F2CA}.Release|x86.Build.0 = Release|Win32
		{634D5EFE-1382-4A8A-9387-855A4822BC24}.Debug|x64.ActiveCfg = Debug|x64
		{634D5EFE-1382-4A8A-9387-855A4822BC24}.Debug|x64.Build.0 = Debug|x64
		{634D5EFE-1382-4A8A-9387-855A4822BC24}.Debug|x86.ActiveCfg = Debug|Win32
		{634D5EFE-1382-4A8A-9387-855A4822BC24}.Debug|x86.Build.0 = Debug|Win32
		{634D5EFE-1382-4A8A-9387-855A4822BC24}.Release|x64.ActiveCfg = Release|x64
		{634D5EFE-1382-4A8A-9387-855A4822BC24}.Release|x64.Build.0 = Release|x64
		{634D5EFE-1382-4A8A-9387-855A4822BC24}.Release|x86.ActiveCfg = Release|Win32
		{634D5EFE-1382-4A8A-9387-855A4822BC24}.Release|x86.Build.0 = Release|Win32
		{8238DECC-F47D-4D5F-B0D7-BD0B49C397AD}.Debug|x64.ActiveCfg = Debug|x64
		{8238DECC-F47D-4D5F-B0D7-BD0B49C397AD}.Debug|x64.Build.0 = Debug|x64
		{8238DECC-F47D-4D5F-B0D7-BD0B49C397AD}.Debug|x86.ActiveCfg = Debug|Win32
		{8238DECC-F47D-4D5F-B0D7-BD0B49C397AD}.Debug|x86.Build.0 = Debug|Win32
		{8238DECC-F47D-4D5F-B0D7-BD0B49C397AD}.Release|x64.ActiveCfg = Release|x64
		{8238DECC-F47D-4D5F-B0D7-BD0B49C397AD}.Release|x64.Build.0 = Release|x64
		{8238DECC-F47D-4D5F-B0D7-BD0B49C397AD}.Release|x86.ActiveCfg = Release|Win32
		{8238DECC-F47D-4D5F-B0D7-BD0B49C397AD}.Release|x86.Build.0 = Release|Win32
		{1855CDC6-9F24-4C48-8D2E-4B2DB9C4FA5F}.Debug|x64.ActiveCfg = Debug|x64
		{1855CDC6-9F24-4C48-8D2E-4B2DB9C4FA5F}.Debug|x64.Build.0 = Debug|x64
		{1855CDC6-9F24-4C48-8D2E-4B2DB9C4FA5F}.Debug|x86.ActiveCfg = Debug|Win32
		{1855CDC6-9F24-4C48-8D2E-4B2DB9C4FA5F}.Debug|x86.Build.0 = Debug|Win32
		{1855CDC6-9F24-4C48-8D2E-4B2DB9C4FA5F}.Release|x64.ActiveCfg = Release|x64
		{1855CDC6-9F24-4C48-8D2E-4B2DB9C4FA5F}.Release|x64.Build.0 = Release|x64
		{1855CDC6-9F24-4C48-8D2E-4B2DB9C4FA5F}.Release|x86.ActiveCfg = Release|Win32
		{1855CDC6-9F24-4C48-8D2E-4B2DB9C4FA5F}.Release|x86.Build.0 = Release|Win32
		{1F19DB04-D453-4D4C-A836-03B48764A69F}.Debug|x64.ActiveCfg = Debug|x64
		{1F19DB04-D453-4D4C-A836-03B48764A69F}.Debug|x64.Build.0 = Debug|x64
		{1F19DB04-D453-4D4C-A836-03B48764A69F}.Debug|x86.ActiveCfg = Debug|Win32
		{1F19DB04-D453-4D4C-A836-03B48764A69F}.Debug|x86.Build.0 = Debug|Win32
		{1F19DB04-D453-4D4C-A836-03B48764A69F}.Release|x64.ActiveCfg = Release|x64
		{1F19DB04-D453-4D4C-A836-03B48764A69F}.Release|x64.Build.0 = Release|x64
		{1F19DB04-D453-4D4C-A836-03B48764A69F}.Release|x86.ActiveCfg = Release|Win32
		{1F19DB04-D453-4D4C-A836-03B48764A69F}.Release|x86.Build.0 = Release|Win32
		{195B4A6E-B643-4075-8561-FA8EC21A5ED4}.Debug|x64.ActiveCfg = Debug|x64
		{195B4A6E-B643-4075-8561-FA8EC21A5ED4}.Debug|x64.Build.0 = Debug|x64
		{195B4A6E-B643-4075-8561-FA8EC21A5ED4}.Debug|x86.ActiveCfg = Debug|Win32
		{195B4A6E-B643-4075-8561-FA8EC21A5ED4}.Debug|x86.Build.0 = Debug|Win32
		{195B4A6E-B643-4075-8561-FA8EC21A5ED4}.Release|x64.ActiveCfg = Release|x64
		{195B4A6E-B643-4075-8561-FA8EC21A5ED4}.Release|x64.Build.0 = Release|x64
		{195B4A6E-B643-4075-8561-FA8EC21A5ED4}.Release|x86.ActiveCfg = Release|Win32
		{195B4A6E-B643-4075-8561-FA8EC21A5ED4}.Release|x86.Build.0 = Release|Win32
		{CAA31B1E-D4A7-477C-B925-B1A6064BF6E2}.Debug|x64.ActiveCfg = Debug|x64
		{CAA31B1E-D4A7-477C-B925-B1A6064BF6E2}.Debug|x64.Build.0 = Debug|x64
		{CAA31B1E-D4A7-477C-B925-B1A6064BF6E2}.Debug|x86.ActiveCfg = Debug|Win32
		{CAA31B1E-D4A7-477C-B925-B1A6064BF6E2}.Debug|x86.Build.0 = Debug|Win32
		{CAA31B1E-D4A7-477C-B925-B1A6064BF6E2}.Release|x64.ActiveCfg = Release|x64
		{CAA31B1E-D4A7-477C-B925-B1A6064BF6E2}.Release|x64.Build.0 = Release|x64
		{CAA31B1E-D4A7-477C-B925-B1A6064BF6E2}.Release|x86.ActiveCfg = Release|Win32
		{CAA31B1E-D4A7-477C-B925-B1A6064BF6E2}.Release|x86.Build.0 = Release|Win32
		{62DE29CE-E024-4A39-ADED-C024FA5C9D4B}.Debug|x64.ActiveCfg = Debug|x64
		{62DE29CE-E024-4A39-ADED-C024FA5C9D4B}.Debug|x64.Build.0 = Debug|x64
		{62DE29CE-E024-4A39-ADED-C024FA5C9D4B}.Debug|x86.ActiveCfg = Debug|Win32
		{62DE29CE-E024-4A39-ADED-C024FA5C9D4B}.Debug|x86.Build.0 = Debug|Win32
		{62DE29CE-E024-4A39-ADED-C024FA5C9D4B}.Release|x64.ActiveCfg = Release|x64
		{62DE29CE-E024-4A39-ADED-C024FA5C9D4B}.Release|x64.Build.0 = Release|x64
		{62DE29CE-E024-4A39-ADED-C024FA5C9D4B}.Release|x86.ActiveCfg = Release|Win32
		{62DE29CE-E024-4A39-ADED-C024FA5C9D4B}.Release|x86.Build.0 = Release|Win32
	EndGlobalSection
	GlobalSection(SolutionProperties) = preSolution
		HideSolutionNode = FALSE
	EndGlobalSection
	GlobalSection(ExtensibilityGlobals) = postSolution
		SolutionGuid = {FA9F309B-E67C-449E-BA28-539F08FA9872}
	EndGlobalSection
EndGlobal
