
Microsoft Visual Studio Solution File, Format Version 12.00
# Visual Studio Version 16
VisualStudioVersion = 16.0.30717.126
MinimumVisualStudioVersion = 10.0.40219.1
Project("{8BC9CEB8-8B4A-11D0-8D11-00A0C91BC942}") = "Tema1.2", "Tema1.2\Tema1.2.vcxproj", "{FC48B0F9-75D0-4B1A-8F83-22A183AE2F1E}"
EndProject
Project("{8BC9CEB8-8B4A-11D0-8D11-00A0C91BC942}") = "Tema1.1", "Tema1.1\T 1-1.vcxproj", "{9682DE3E-4630-4D8C-932C-A33F20D511EA}"
EndProject
Project("{8BC9CEB8-8B4A-11D0-8D11-00A0C91BC942}") = "Tema1.3", "Tema1.3\Tema1.3.vcxproj", "{2A8AFF3F-D023-49F3-B599-3FD9849FD8F2}"
EndProject
Project("{2150E333-8FDC-42A3-9474-1A3956D46DE8}") = "Solution Items", "Solution Items", "{471FF2EB-283A-4B7A-848F-590C0520DC40}"
	ProjectSection(SolutionItems) = preProject
		..\..\..\Plantillas\Plantilla Inclusion.cpp = ..\..\..\Plantillas\Plantilla Inclusion.cpp
		..\..\..\Plantillas\PlantillaActualizacionDiccionario.cpp = ..\..\..\Plantillas\PlantillaActualizacionDiccionario.cpp
		..\..\..\Plantillas\PlantillaAnagramas.cpp = ..\..\..\Plantillas\PlantillaAnagramas.cpp
		..\..\..\Plantillas\PlantillaBienSituado.cpp = ..\..\..\Plantillas\PlantillaBienSituado.cpp
		..\..\..\Plantillas\PlantillaCasanova.cpp = ..\..\..\Plantillas\PlantillaCasanova.cpp
		..\..\..\Plantillas\PlantillaConcierto.cpp = ..\..\..\Plantillas\PlantillaConcierto.cpp
		..\..\..\Plantillas\PlantillaCuela.cpp = ..\..\..\Plantillas\PlantillaCuela.cpp
		..\..\..\Plantillas\PlantillaCurvaConcava.cpp = ..\..\..\Plantillas\PlantillaCurvaConcava.cpp
		..\..\..\Plantillas\PlantillaElemPerdido.cpp = ..\..\..\Plantillas\PlantillaElemPerdido.cpp
		..\..\..\Plantillas\PlantillaEligiendoDeporte.cpp = ..\..\..\Plantillas\PlantillaEligiendoDeporte.cpp
		..\..\..\Plantillas\PlantillaFormasSumar.cpp = ..\..\..\Plantillas\PlantillaFormasSumar.cpp
		..\..\..\Plantillas\PlantillaJuezCasosIlimitados.cpp = ..\..\..\Plantillas\PlantillaJuezCasosIlimitados.cpp
		..\..\..\Plantillas\PlantillaJuezCentinela.cpp = ..\..\..\Plantillas\PlantillaJuezCentinela.cpp
		..\..\..\Plantillas\PlantillaJuezNumeroCasos.cpp = ..\..\..\Plantillas\PlantillaJuezNumeroCasos.cpp
		..\..\..\Plantillas\PlantillaLucesNavidad.cpp = ..\..\..\Plantillas\PlantillaLucesNavidad.cpp
		..\..\..\Plantillas\PlantillaNodosHojasYAltura.cpp = ..\..\..\Plantillas\PlantillaNodosHojasYAltura.cpp
		..\..\..\Plantillas\PlantillaNodosHojasYAltura_Javi.cpp = ..\..\..\Plantillas\PlantillaNodosHojasYAltura_Javi.cpp
		..\..\..\Plantillas\PlantillaRefsCruzadas.cpp = ..\..\..\Plantillas\PlantillaRefsCruzadas.cpp
		..\..\..\Plantillas\PlantillaTramosNavegables.cpp = ..\..\..\Plantillas\PlantillaTramosNavegables.cpp
		..\..\..\Plantillas\PlantillaZurdos.cpp = ..\..\..\Plantillas\PlantillaZurdos.cpp
	EndProjectSection
EndProject
Project("{8BC9CEB8-8B4A-11D0-8D11-00A0C91BC942}") = "Tema1.4", "Tema1.4\Tema1.4.vcxproj", "{D5777994-6A94-4B50-B369-7CD817C5C9D1}"
EndProject
Project("{8BC9CEB8-8B4A-11D0-8D11-00A0C91BC942}") = "Tema2.1", "Tema2.1\Tema2.1.vcxproj", "{7F183D61-3A92-45AE-A5D9-219689239D6E}"
EndProject
Project("{8BC9CEB8-8B4A-11D0-8D11-00A0C91BC942}") = "Tema2.2", "Tema2.2\Tema2.2.vcxproj", "{8CCB3433-C531-4881-A984-141783AFA8DC}"
EndProject
Project("{8BC9CEB8-8B4A-11D0-8D11-00A0C91BC942}") = "Tema2.3", "Tema2.3\Tema2.3.vcxproj", "{199AE2CD-60E9-45D1-8214-BE3444684ECF}"
EndProject
Project("{8BC9CEB8-8B4A-11D0-8D11-00A0C91BC942}") = "Tema2.4", "Tema2.4\Tema2.4.vcxproj", "{D3241C3F-4C85-42BF-9975-9B9BDB6528C3}"
EndProject
Project("{8BC9CEB8-8B4A-11D0-8D11-00A0C91BC942}") = "Tema2.5", "Tema2.5\Tema2.5.vcxproj", "{D2364F9A-6535-4BEF-8ABB-2E26886D63DC}"
EndProject
Project("{8BC9CEB8-8B4A-11D0-8D11-00A0C91BC942}") = "Tema2.6", "Tema2.6\Tema2.6.vcxproj", "{F88FFF64-ECD8-46F5-B08F-D376B22F8EF5}"
EndProject
Project("{8BC9CEB8-8B4A-11D0-8D11-00A0C91BC942}") = "Tema2.7", "Tema2.7\Tema2.7.vcxproj", "{902A6B0B-7130-4660-8ED2-905AB332CFDC}"
EndProject
Project("{8BC9CEB8-8B4A-11D0-8D11-00A0C91BC942}") = "Tema2.8", "Tema2.8\Tema2.8.vcxproj", "{4DA0826C-5B12-4227-9522-7EA759FB4FCF}"
EndProject
Project("{8BC9CEB8-8B4A-11D0-8D11-00A0C91BC942}") = "Tema2.9", "Tema2.9\Tema2.9.vcxproj", "{37854C8A-8619-44AD-AE78-55C25A57580E}"
EndProject
Project("{8BC9CEB8-8B4A-11D0-8D11-00A0C91BC942}") = "Tema3.1", "Tema3.1\Tema3.1.vcxproj", "{36013F8E-7ECC-4479-B426-52CDAA7D6171}"
EndProject
Project("{8BC9CEB8-8B4A-11D0-8D11-00A0C91BC942}") = "TEma2.10", "TEma2.10\TEma2.10.vcxproj", "{972CD9B5-7CCD-49C8-A5FC-3E287B2BC75F}"
EndProject
Global
	GlobalSection(SolutionConfigurationPlatforms) = preSolution
		Debug|x64 = Debug|x64
		Debug|x86 = Debug|x86
		Release|x64 = Release|x64
		Release|x86 = Release|x86
	EndGlobalSection
	GlobalSection(ProjectConfigurationPlatforms) = postSolution
		{FC48B0F9-75D0-4B1A-8F83-22A183AE2F1E}.Debug|x64.ActiveCfg = Debug|x64
		{FC48B0F9-75D0-4B1A-8F83-22A183AE2F1E}.Debug|x64.Build.0 = Debug|x64
		{FC48B0F9-75D0-4B1A-8F83-22A183AE2F1E}.Debug|x86.ActiveCfg = Debug|Win32
		{FC48B0F9-75D0-4B1A-8F83-22A183AE2F1E}.Debug|x86.Build.0 = Debug|Win32
		{FC48B0F9-75D0-4B1A-8F83-22A183AE2F1E}.Release|x64.ActiveCfg = Release|x64
		{FC48B0F9-75D0-4B1A-8F83-22A183AE2F1E}.Release|x64.Build.0 = Release|x64
		{FC48B0F9-75D0-4B1A-8F83-22A183AE2F1E}.Release|x86.ActiveCfg = Release|Win32
		{FC48B0F9-75D0-4B1A-8F83-22A183AE2F1E}.Release|x86.Build.0 = Release|Win32
		{9682DE3E-4630-4D8C-932C-A33F20D511EA}.Debug|x64.ActiveCfg = Debug|x64
		{9682DE3E-4630-4D8C-932C-A33F20D511EA}.Debug|x64.Build.0 = Debug|x64
		{9682DE3E-4630-4D8C-932C-A33F20D511EA}.Debug|x86.ActiveCfg = Debug|Win32
		{9682DE3E-4630-4D8C-932C-A33F20D511EA}.Debug|x86.Build.0 = Debug|Win32
		{9682DE3E-4630-4D8C-932C-A33F20D511EA}.Release|x64.ActiveCfg = Release|x64
		{9682DE3E-4630-4D8C-932C-A33F20D511EA}.Release|x64.Build.0 = Release|x64
		{9682DE3E-4630-4D8C-932C-A33F20D511EA}.Release|x86.ActiveCfg = Release|Win32
		{9682DE3E-4630-4D8C-932C-A33F20D511EA}.Release|x86.Build.0 = Release|Win32
		{2A8AFF3F-D023-49F3-B599-3FD9849FD8F2}.Debug|x64.ActiveCfg = Debug|x64
		{2A8AFF3F-D023-49F3-B599-3FD9849FD8F2}.Debug|x64.Build.0 = Debug|x64
		{2A8AFF3F-D023-49F3-B599-3FD9849FD8F2}.Debug|x86.ActiveCfg = Debug|Win32
		{2A8AFF3F-D023-49F3-B599-3FD9849FD8F2}.Debug|x86.Build.0 = Debug|Win32
		{2A8AFF3F-D023-49F3-B599-3FD9849FD8F2}.Release|x64.ActiveCfg = Release|x64
		{2A8AFF3F-D023-49F3-B599-3FD9849FD8F2}.Release|x64.Build.0 = Release|x64
		{2A8AFF3F-D023-49F3-B599-3FD9849FD8F2}.Release|x86.ActiveCfg = Release|Win32
		{2A8AFF3F-D023-49F3-B599-3FD9849FD8F2}.Release|x86.Build.0 = Release|Win32
		{D5777994-6A94-4B50-B369-7CD817C5C9D1}.Debug|x64.ActiveCfg = Debug|x64
		{D5777994-6A94-4B50-B369-7CD817C5C9D1}.Debug|x64.Build.0 = Debug|x64
		{D5777994-6A94-4B50-B369-7CD817C5C9D1}.Debug|x86.ActiveCfg = Debug|Win32
		{D5777994-6A94-4B50-B369-7CD817C5C9D1}.Debug|x86.Build.0 = Debug|Win32
		{D5777994-6A94-4B50-B369-7CD817C5C9D1}.Release|x64.ActiveCfg = Release|x64
		{D5777994-6A94-4B50-B369-7CD817C5C9D1}.Release|x64.Build.0 = Release|x64
		{D5777994-6A94-4B50-B369-7CD817C5C9D1}.Release|x86.ActiveCfg = Release|Win32
		{D5777994-6A94-4B50-B369-7CD817C5C9D1}.Release|x86.Build.0 = Release|Win32
		{7F183D61-3A92-45AE-A5D9-219689239D6E}.Debug|x64.ActiveCfg = Debug|x64
		{7F183D61-3A92-45AE-A5D9-219689239D6E}.Debug|x64.Build.0 = Debug|x64
		{7F183D61-3A92-45AE-A5D9-219689239D6E}.Debug|x86.ActiveCfg = Debug|Win32
		{7F183D61-3A92-45AE-A5D9-219689239D6E}.Debug|x86.Build.0 = Debug|Win32
		{7F183D61-3A92-45AE-A5D9-219689239D6E}.Release|x64.ActiveCfg = Release|x64
		{7F183D61-3A92-45AE-A5D9-219689239D6E}.Release|x64.Build.0 = Release|x64
		{7F183D61-3A92-45AE-A5D9-219689239D6E}.Release|x86.ActiveCfg = Release|Win32
		{7F183D61-3A92-45AE-A5D9-219689239D6E}.Release|x86.Build.0 = Release|Win32
		{8CCB3433-C531-4881-A984-141783AFA8DC}.Debug|x64.ActiveCfg = Debug|x64
		{8CCB3433-C531-4881-A984-141783AFA8DC}.Debug|x64.Build.0 = Debug|x64
		{8CCB3433-C531-4881-A984-141783AFA8DC}.Debug|x86.ActiveCfg = Debug|Win32
		{8CCB3433-C531-4881-A984-141783AFA8DC}.Debug|x86.Build.0 = Debug|Win32
		{8CCB3433-C531-4881-A984-141783AFA8DC}.Release|x64.ActiveCfg = Release|x64
		{8CCB3433-C531-4881-A984-141783AFA8DC}.Release|x64.Build.0 = Release|x64
		{8CCB3433-C531-4881-A984-141783AFA8DC}.Release|x86.ActiveCfg = Release|Win32
		{8CCB3433-C531-4881-A984-141783AFA8DC}.Release|x86.Build.0 = Release|Win32
		{199AE2CD-60E9-45D1-8214-BE3444684ECF}.Debug|x64.ActiveCfg = Debug|x64
		{199AE2CD-60E9-45D1-8214-BE3444684ECF}.Debug|x64.Build.0 = Debug|x64
		{199AE2CD-60E9-45D1-8214-BE3444684ECF}.Debug|x86.ActiveCfg = Debug|Win32
		{199AE2CD-60E9-45D1-8214-BE3444684ECF}.Debug|x86.Build.0 = Debug|Win32
		{199AE2CD-60E9-45D1-8214-BE3444684ECF}.Release|x64.ActiveCfg = Release|x64
		{199AE2CD-60E9-45D1-8214-BE3444684ECF}.Release|x64.Build.0 = Release|x64
		{199AE2CD-60E9-45D1-8214-BE3444684ECF}.Release|x86.ActiveCfg = Release|Win32
		{199AE2CD-60E9-45D1-8214-BE3444684ECF}.Release|x86.Build.0 = Release|Win32
		{D3241C3F-4C85-42BF-9975-9B9BDB6528C3}.Debug|x64.ActiveCfg = Debug|x64
		{D3241C3F-4C85-42BF-9975-9B9BDB6528C3}.Debug|x64.Build.0 = Debug|x64
		{D3241C3F-4C85-42BF-9975-9B9BDB6528C3}.Debug|x86.ActiveCfg = Debug|Win32
		{D3241C3F-4C85-42BF-9975-9B9BDB6528C3}.Debug|x86.Build.0 = Debug|Win32
		{D3241C3F-4C85-42BF-9975-9B9BDB6528C3}.Release|x64.ActiveCfg = Release|x64
		{D3241C3F-4C85-42BF-9975-9B9BDB6528C3}.Release|x64.Build.0 = Release|x64
		{D3241C3F-4C85-42BF-9975-9B9BDB6528C3}.Release|x86.ActiveCfg = Release|Win32
		{D3241C3F-4C85-42BF-9975-9B9BDB6528C3}.Release|x86.Build.0 = Release|Win32
		{D2364F9A-6535-4BEF-8ABB-2E26886D63DC}.Debug|x64.ActiveCfg = Debug|x64
		{D2364F9A-6535-4BEF-8ABB-2E26886D63DC}.Debug|x64.Build.0 = Debug|x64
		{D2364F9A-6535-4BEF-8ABB-2E26886D63DC}.Debug|x86.ActiveCfg = Debug|Win32
		{D2364F9A-6535-4BEF-8ABB-2E26886D63DC}.Debug|x86.Build.0 = Debug|Win32
		{D2364F9A-6535-4BEF-8ABB-2E26886D63DC}.Release|x64.ActiveCfg = Release|x64
		{D2364F9A-6535-4BEF-8ABB-2E26886D63DC}.Release|x64.Build.0 = Release|x64
		{D2364F9A-6535-4BEF-8ABB-2E26886D63DC}.Release|x86.ActiveCfg = Release|Win32
		{D2364F9A-6535-4BEF-8ABB-2E26886D63DC}.Release|x86.Build.0 = Release|Win32
		{F88FFF64-ECD8-46F5-B08F-D376B22F8EF5}.Debug|x64.ActiveCfg = Debug|x64
		{F88FFF64-ECD8-46F5-B08F-D376B22F8EF5}.Debug|x64.Build.0 = Debug|x64
		{F88FFF64-ECD8-46F5-B08F-D376B22F8EF5}.Debug|x86.ActiveCfg = Debug|Win32
		{F88FFF64-ECD8-46F5-B08F-D376B22F8EF5}.Debug|x86.Build.0 = Debug|Win32
		{F88FFF64-ECD8-46F5-B08F-D376B22F8EF5}.Release|x64.ActiveCfg = Release|x64
		{F88FFF64-ECD8-46F5-B08F-D376B22F8EF5}.Release|x64.Build.0 = Release|x64
		{F88FFF64-ECD8-46F5-B08F-D376B22F8EF5}.Release|x86.ActiveCfg = Release|Win32
		{F88FFF64-ECD8-46F5-B08F-D376B22F8EF5}.Release|x86.Build.0 = Release|Win32
		{902A6B0B-7130-4660-8ED2-905AB332CFDC}.Debug|x64.ActiveCfg = Debug|x64
		{902A6B0B-7130-4660-8ED2-905AB332CFDC}.Debug|x64.Build.0 = Debug|x64
		{902A6B0B-7130-4660-8ED2-905AB332CFDC}.Debug|x86.ActiveCfg = Debug|Win32
		{902A6B0B-7130-4660-8ED2-905AB332CFDC}.Debug|x86.Build.0 = Debug|Win32
		{902A6B0B-7130-4660-8ED2-905AB332CFDC}.Release|x64.ActiveCfg = Release|x64
		{902A6B0B-7130-4660-8ED2-905AB332CFDC}.Release|x64.Build.0 = Release|x64
		{902A6B0B-7130-4660-8ED2-905AB332CFDC}.Release|x86.ActiveCfg = Release|Win32
		{902A6B0B-7130-4660-8ED2-905AB332CFDC}.Release|x86.Build.0 = Release|Win32
		{4DA0826C-5B12-4227-9522-7EA759FB4FCF}.Debug|x64.ActiveCfg = Debug|x64
		{4DA0826C-5B12-4227-9522-7EA759FB4FCF}.Debug|x64.Build.0 = Debug|x64
		{4DA0826C-5B12-4227-9522-7EA759FB4FCF}.Debug|x86.ActiveCfg = Debug|Win32
		{4DA0826C-5B12-4227-9522-7EA759FB4FCF}.Debug|x86.Build.0 = Debug|Win32
		{4DA0826C-5B12-4227-9522-7EA759FB4FCF}.Release|x64.ActiveCfg = Release|x64
		{4DA0826C-5B12-4227-9522-7EA759FB4FCF}.Release|x64.Build.0 = Release|x64
		{4DA0826C-5B12-4227-9522-7EA759FB4FCF}.Release|x86.ActiveCfg = Release|Win32
		{4DA0826C-5B12-4227-9522-7EA759FB4FCF}.Release|x86.Build.0 = Release|Win32
		{37854C8A-8619-44AD-AE78-55C25A57580E}.Debug|x64.ActiveCfg = Debug|x64
		{37854C8A-8619-44AD-AE78-55C25A57580E}.Debug|x64.Build.0 = Debug|x64
		{37854C8A-8619-44AD-AE78-55C25A57580E}.Debug|x86.ActiveCfg = Debug|Win32
		{37854C8A-8619-44AD-AE78-55C25A57580E}.Debug|x86.Build.0 = Debug|Win32
		{37854C8A-8619-44AD-AE78-55C25A57580E}.Release|x64.ActiveCfg = Release|x64
		{37854C8A-8619-44AD-AE78-55C25A57580E}.Release|x64.Build.0 = Release|x64
		{37854C8A-8619-44AD-AE78-55C25A57580E}.Release|x86.ActiveCfg = Release|Win32
		{37854C8A-8619-44AD-AE78-55C25A57580E}.Release|x86.Build.0 = Release|Win32
		{36013F8E-7ECC-4479-B426-52CDAA7D6171}.Debug|x64.ActiveCfg = Debug|x64
		{36013F8E-7ECC-4479-B426-52CDAA7D6171}.Debug|x64.Build.0 = Debug|x64
		{36013F8E-7ECC-4479-B426-52CDAA7D6171}.Debug|x86.ActiveCfg = Debug|Win32
		{36013F8E-7ECC-4479-B426-52CDAA7D6171}.Debug|x86.Build.0 = Debug|Win32
		{36013F8E-7ECC-4479-B426-52CDAA7D6171}.Release|x64.ActiveCfg = Release|x64
		{36013F8E-7ECC-4479-B426-52CDAA7D6171}.Release|x64.Build.0 = Release|x64
		{36013F8E-7ECC-4479-B426-52CDAA7D6171}.Release|x86.ActiveCfg = Release|Win32
		{36013F8E-7ECC-4479-B426-52CDAA7D6171}.Release|x86.Build.0 = Release|Win32
		{972CD9B5-7CCD-49C8-A5FC-3E287B2BC75F}.Debug|x64.ActiveCfg = Debug|x64
		{972CD9B5-7CCD-49C8-A5FC-3E287B2BC75F}.Debug|x64.Build.0 = Debug|x64
		{972CD9B5-7CCD-49C8-A5FC-3E287B2BC75F}.Debug|x86.ActiveCfg = Debug|Win32
		{972CD9B5-7CCD-49C8-A5FC-3E287B2BC75F}.Debug|x86.Build.0 = Debug|Win32
		{972CD9B5-7CCD-49C8-A5FC-3E287B2BC75F}.Release|x64.ActiveCfg = Release|x64
		{972CD9B5-7CCD-49C8-A5FC-3E287B2BC75F}.Release|x64.Build.0 = Release|x64
		{972CD9B5-7CCD-49C8-A5FC-3E287B2BC75F}.Release|x86.ActiveCfg = Release|Win32
		{972CD9B5-7CCD-49C8-A5FC-3E287B2BC75F}.Release|x86.Build.0 = Release|Win32
	EndGlobalSection
	GlobalSection(SolutionProperties) = preSolution
		HideSolutionNode = FALSE
	EndGlobalSection
	GlobalSection(ExtensibilityGlobals) = postSolution
		SolutionGuid = {FA9F309B-E67C-449E-BA28-539F08FA9872}
	EndGlobalSection
EndGlobal
