
Microsoft Visual Studio Solution File, Format Version 12.00
# Visual Studio Version 16
VisualStudioVersion = 16.0.30717.126
MinimumVisualStudioVersion = 10.0.40219.1
Project("{8BC9CEB8-8B4A-11D0-8D11-00A0C91BC942}") = "Tema2.7", "Tema2.7\Tema2.7.vcxproj", "{637A411F-6146-4075-B31F-A2CBF6758E6A}"
EndProject
Global
	GlobalSection(SolutionConfigurationPlatforms) = preSolution
		Debug|x64 = Debug|x64
		Debug|x86 = Debug|x86
		Release|x64 = Release|x64
		Release|x86 = Release|x86
	EndGlobalSection
	GlobalSection(ProjectConfigurationPlatforms) = postSolution
		{637A411F-6146-4075-B31F-A2CBF6758E6A}.Debug|x64.ActiveCfg = Debug|x64
		{637A411F-6146-4075-B31F-A2CBF6758E6A}.Debug|x64.Build.0 = Debug|x64
		{637A411F-6146-4075-B31F-A2CBF6758E6A}.Debug|x86.ActiveCfg = Debug|Win32
		{637A411F-6146-4075-B31F-A2CBF6758E6A}.Debug|x86.Build.0 = Debug|Win32
		{637A411F-6146-4075-B31F-A2CBF6758E6A}.Release|x64.ActiveCfg = Release|x64
		{637A411F-6146-4075-B31F-A2CBF6758E6A}.Release|x64.Build.0 = Release|x64
		{637A411F-6146-4075-B31F-A2CBF6758E6A}.Release|x86.ActiveCfg = Release|Win32
		{637A411F-6146-4075-B31F-A2CBF6758E6A}.Release|x86.Build.0 = Release|Win32
	EndGlobalSection
	GlobalSection(SolutionProperties) = preSolution
		HideSolutionNode = FALSE
	EndGlobalSection
	GlobalSection(ExtensibilityGlobals) = postSolution
		SolutionGuid = {76766727-3F24-4DA9-BDEF-BB559DFAF0B5}
	EndGlobalSection
EndGlobal
